
Microsoft Visual Studio Solution File, Format Version 12.00
# Visual Studio 14
VisualStudioVersion = 14.0.25420.1
MinimumVisualStudioVersion = 10.0.40219.1
Project("{2150E333-8FDC-42A3-9474-1A3956D46DE8}") = "src", "src", "{DDBD9C7C-8D8D-4654-BEFE-509938A3F754}"
EndProject
Project("{2150E333-8FDC-42A3-9474-1A3956D46DE8}") = "Solution Items", "Solution Items", "{832A3DCC-438A-40AD-A959-891D4BCC4957}"
	ProjectSection(SolutionItems) = preProject
		global.json = global.json
	EndProjectSection
EndProject
Project("{8BB2217D-0F2D-49D1-97BC-3654ED321F3B}") = "ef7-posgresql", "src\ef7-posgresql\ef7-posgresql.xproj", "{E81D9793-2964-43DB-A2BB-53F8026B95E4}"
EndProject
Global
	GlobalSection(SolutionConfigurationPlatforms) = preSolution
		Debug|Any CPU = Debug|Any CPU
		Release|Any CPU = Release|Any CPU
	EndGlobalSection
	GlobalSection(ProjectConfigurationPlatforms) = postSolution
		{E81D9793-2964-43DB-A2BB-53F8026B95E4}.Debug|Any CPU.ActiveCfg = Debug|Any CPU
		{E81D9793-2964-43DB-A2BB-53F8026B95E4}.Debug|Any CPU.Build.0 = Debug|Any CPU
		{E81D9793-2964-43DB-A2BB-53F8026B95E4}.Release|Any CPU.ActiveCfg = Release|Any CPU
		{E81D9793-2964-43DB-A2BB-53F8026B95E4}.Release|Any CPU.Build.0 = Release|Any CPU
	EndGlobalSection
	GlobalSection(SolutionProperties) = preSolution
		HideSolutionNode = FALSE
	EndGlobalSection
	GlobalSection(NestedProjects) = preSolution
		{E81D9793-2964-43DB-A2BB-53F8026B95E4} = {DDBD9C7C-8D8D-4654-BEFE-509938A3F754}
	EndGlobalSection
EndGlobal
